PATH
  remote: .
  specs:
    ynab (5.1.0)
      typhoeus (~> 1.0, >= 1.0.1)

GEM
  remote: https://rubygems.org/
  specs:
    base64 (0.3.0)
    diff-lcs (1.6.2)
    ethon (0.16.0)
      ffi (>= 1.15.0)
    ffi (1.17.3)
    rake (13.4.2)
    rspec (3.13.2)
      rspec-core (~> 3.13.0)
      rspec-expectations (~> 3.13.0)
      rspec-mocks (~> 3.13.0)
    rspec-core (3.13.6)
      rspec-support (~> 3.13.0)
    rspec-expectations (3.13.5)
      diff-lcs (>= 1.2.0, < 2.0)
      rspec-support (~> 3.13.0)
    rspec-mocks (3.13.8)
      diff-lcs (>= 1.2.0, < 2.0)
      rspec-support (~> 3.13.0)
    rspec-support (3.13.7)
    typhoeus (1.4.0)
      ethon (>= 0.9.0)
    vcr (6.4.0)

PLATFORMS
  ruby

DEPENDENCIES
  base64
  rake (>= 12.3.3)
  rspec (~> 3.6, >= 3.6.0)
  vcr (>= 3.0.3)
  ynab!

BUNDLED WITH
   2.4.19
